
Microsoft Visual Studio Solution File, Format Version 12.00
# Visual Studio Version 17
VisualStudioVersion = 17.13.35919.96 d17.13
MinimumVisualStudioVersion = 10.0.40219.1
Project("{FAE04EC0-301F-11D3-BF4B-00C04F79EFBC}") = "Six-Part Assignment", "Six-Part Assignment\Six-Part Assignment.csproj", "{6B1022B0-BB6D-4FB7-A189-57BE343FE87B}"
EndProject
Global
	GlobalSection(SolutionConfigurationPlatforms) = preSolution
		Debug|Any CPU = Debug|Any CPU
		Release|Any CPU = Release|Any CPU
	EndGlobalSection
	GlobalSection(ProjectConfigurationPlatforms) = postSolution
		{6B1022B0-BB6D-4FB7-A189-57BE343FE87B}.Debug|Any CPU.ActiveCfg = Debug|Any CPU
		{6B1022B0-BB6D-4FB7-A189-57BE343FE87B}.Debug|Any CPU.Build.0 = Debug|Any CPU
		{6B1022B0-BB6D-4FB7-A189-57BE343FE87B}.Release|Any CPU.ActiveCfg = Release|Any CPU
		{6B1022B0-BB6D-4FB7-A189-57BE343FE87B}.Release|Any CPU.Build.0 = Release|Any CPU
	EndGlobalSection
	GlobalSection(SolutionProperties) = preSolution
		HideSolutionNode = FALSE
	EndGlobalSection
	GlobalSection(ExtensibilityGlobals) = postSolution
		SolutionGuid = {CFC63D66-872C-4E1B-BBDB-7A1BF7A4FDD9}
	EndGlobalSection
EndGlobal
