
Microsoft Visual Studio Solution File, Format Version 12.00
# Visual Studio Version 17
VisualStudioVersion = 17.13.35919.96 d17.13
MinimumVisualStudioVersion = 10.0.40219.1
Project("{FAE04EC0-301F-11D3-BF4B-00C04F79EFBC}") = "Branching Final Assignment", "Branching Final Assignment\Branching Final Assignment.csproj", "{D18BA183-AF0D-42C8-A8AA-69223B244C27}"
EndProject
Global
	GlobalSection(SolutionConfigurationPlatforms) = preSolution
		Debug|Any CPU = Debug|Any CPU
		Release|Any CPU = Release|Any CPU
	EndGlobalSection
	GlobalSection(ProjectConfigurationPlatforms) = postSolution
		{D18BA183-AF0D-42C8-A8AA-69223B244C27}.Debug|Any CPU.ActiveCfg = Debug|Any CPU
		{D18BA183-AF0D-42C8-A8AA-69223B244C27}.Debug|Any CPU.Build.0 = Debug|Any CPU
		{D18BA183-AF0D-42C8-A8AA-69223B244C27}.Release|Any CPU.ActiveCfg = Release|Any CPU
		{D18BA183-AF0D-42C8-A8AA-69223B244C27}.Release|Any CPU.Build.0 = Release|Any CPU
	EndGlobalSection
	GlobalSection(SolutionProperties) = preSolution
		HideSolutionNode = FALSE
	EndGlobalSection
	GlobalSection(ExtensibilityGlobals) = postSolution
		SolutionGuid = {B8B726B9-254F-4E09-846A-6E5AA6F4C463}
	EndGlobalSection
EndGlobal
