
Microsoft Visual Studio Solution File, Format Version 12.00
# Visual Studio Version 17
VisualStudioVersion = 17.13.35919.96 d17.13
MinimumVisualStudioVersion = 10.0.40219.1
Project("{FAE04EC0-301F-11D3-BF4B-00C04F79EFBC}") = "Operators Assignment Submission", "Operators Assignment Submission\Operators Assignment Submission.csproj", "{09F615CA-DEF2-4CF5-8406-58BD1EEB6F45}"
EndProject
Global
	GlobalSection(SolutionConfigurationPlatforms) = preSolution
		Debug|Any CPU = Debug|Any CPU
		Release|Any CPU = Release|Any CPU
	EndGlobalSection
	GlobalSection(ProjectConfigurationPlatforms) = postSolution
		{09F615CA-DEF2-4CF5-8406-58BD1EEB6F45}.Debug|Any CPU.ActiveCfg = Debug|Any CPU
		{09F615CA-DEF2-4CF5-8406-58BD1EEB6F45}.Debug|Any CPU.Build.0 = Debug|Any CPU
		{09F615CA-DEF2-4CF5-8406-58BD1EEB6F45}.Release|Any CPU.ActiveCfg = Release|Any CPU
		{09F615CA-DEF2-4CF5-8406-58BD1EEB6F45}.Release|Any CPU.Build.0 = Release|Any CPU
	EndGlobalSection
	GlobalSection(SolutionProperties) = preSolution
		HideSolutionNode = FALSE
	EndGlobalSection
	GlobalSection(ExtensibilityGlobals) = postSolution
		SolutionGuid = {466335E3-88A9-477F-9C29-6C6FC76AADA4}
	EndGlobalSection
EndGlobal
