
Microsoft Visual Studio Solution File, Format Version 12.00
# Visual Studio Version 17
VisualStudioVersion = 17.13.35919.96 d17.13
MinimumVisualStudioVersion = 10.0.40219.1
Project("{FAE04EC0-301F-11D3-BF4B-00C04F79EFBC}") = "Calling Method Assignment", "Calling Method Assignment\Calling Method Assignment.csproj", "{A22E3762-15A3-460A-92C9-F27EE318FB7D}"
EndProject
Global
	GlobalSection(SolutionConfigurationPlatforms) = preSolution
		Debug|Any CPU = Debug|Any CPU
		Release|Any CPU = Release|Any CPU
	EndGlobalSection
	GlobalSection(ProjectConfigurationPlatforms) = postSolution
		{A22E3762-15A3-460A-92C9-F27EE318FB7D}.Debug|Any CPU.ActiveCfg = Debug|Any CPU
		{A22E3762-15A3-460A-92C9-F27EE318FB7D}.Debug|Any CPU.Build.0 = Debug|Any CPU
		{A22E3762-15A3-460A-92C9-F27EE318FB7D}.Release|Any CPU.ActiveCfg = Release|Any CPU
		{A22E3762-15A3-460A-92C9-F27EE318FB7D}.Release|Any CPU.Build.0 = Release|Any CPU
	EndGlobalSection
	GlobalSection(SolutionProperties) = preSolution
		HideSolutionNode = FALSE
	EndGlobalSection
	GlobalSection(ExtensibilityGlobals) = postSolution
		SolutionGuid = {E6593D75-3A48-4C68-88AB-936E1F466ADB}
	EndGlobalSection
EndGlobal
